{
    "name": "minimal-express-app",
    "version": "1.0.0",
    "lockfileVersion": 3,
    "requires": true,
    "packages": {
        "": {
            "name": "minimal-express-app",
            "version": "1.0.0",
            "dependencies": {
                "bcrypt": "^6.0.0",
                "cors": "^2.8.6",
                "dotenv": "^17.2.3",
                "express": "^4.18.2",
                "jsonwebtoken": "^9.0.3",
                "mongoose": "^8.22.0",
                "swagger-jsdoc": "^6.2.8",
                "swagger-ui-express": "^5.0.1"
            },
            "devDependencies": {
                "eslint": "^9.24.0",
                "globals": "^16.0.0",
                "jest": "^29.7.0",
                "nodemon": "^3.0.1"
            }
        },
        "node_modules/@ampproject/remapping": {
            "version": "2.3.0",
            "resolved": "https://registry.npmjs.org/@ampproject/remapping/-/remapping-2.3.0.tgz",
            "integrity": "sha512-30iZtAPgz+LTIYoeivqYo853f02jBYSd5uGnGpkFV0M3xOt9aN73erkgYAmZU43x4VfqcnLxW9Kpg3R5LC4YYw==",
            "dev": true,
            "dependencies": {
                "@jridgewell/gen-mapping": "^0.3.5",
                "@jridgewell/trace-mapping": "^0.3.24"
            },
            "engines": {
                "node": ">=6.0.0"
            }
        },
        "node_modules/@apidevtools/json-schema-ref-parser": {
            "version": "9.1.2",
            "resolved": "https://registry.npmjs.org/@apidevtools/json-schema-ref-parser/-/json-schema-ref-parser-9.1.2.tgz",
            "integrity": "sha512-r1w81DpR+KyRWd3f+rk6TNqMgedmAxZP5v5KWlXQWlgMUUtyEJch0DKEci1SorPMiSeM8XPl7MZ3miJ60JIpQg==",
            "license": "MIT",
            "dependencies": {
                "@jsdevtools/ono": "^7.1.3",
                "@types/json-schema": "^7.0.6",
                "call-me-maybe": "^1.0.1",
                "js-yaml": "^4.1.0"
            }
        },
        "node_modules/@apidevtools/json-schema-ref-parser/node_modules/argparse": {
            "version": "2.0.1",
            "resolved": "https://registry.npmjs.org/argparse/-/argparse-2.0.1.tgz",
            "integrity": "sha512-8+9WqebbFzpX9OR+Wa6O29asIogeRMzcGtAINdpMHHyAg10f05aSFVBbcEqGf/PXw1EjAZ+q2/bEBg3DvurK3Q==",
            "license": "Python-2.0"
        },
        "node_modules/@apidevtools/json-schema-ref-parser/node_modules/js-yaml": {
            "version": "4.1.0",
            "resolved": "https://registry.npmjs.org/js-yaml/-/js-yaml-4.1.0.tgz",
            "integrity": "sha512-wpxZs9NoxZaJESJGIZTyDEaYpl0FKSA+FB9aJiyemKhMwkxQg63h4T1KJgUGHpTqPDNRcmmYLugrRjJlBtWvRA==",
            "license": "MIT",
            "dependencies": {
                "argparse": "^2.0.1"
            },
            "bin": {
                "js-yaml": "bin/js-yaml.js"
            }
        },
        "node_modules/@apidevtools/openapi-schemas": {
            "version": "2.1.0",
            "resolved": "https://registry.npmjs.org/@apidevtools/openapi-schemas/-/openapi-schemas-2.1.0.tgz",
            "integrity": "sha512-Zc1AlqrJlX3SlpupFGpiLi2EbteyP7fXmUOGup6/DnkRgjP9bgMM/ag+n91rsv0U1Gpz0H3VILA/o3bW7Ua6BQ==",
            "license": "MIT",
            "engines": {
                "node": ">=10"
            }
        },
        "node_modules/@apidevtools/swagger-methods": {
            "version": "3.0.2",
            "resolved": "https://registry.npmjs.org/@apidevtools/swagger-methods/-/swagger-methods-3.0.2.tgz",
            "integrity": "sha512-QAkD5kK2b1WfjDS/UQn/qQkbwF31uqRjPTrsCs5ZG9BQGAkjwvqGFjjPqAuzac/IYzpPtRzjCP1WrTuAIjMrXg==",
            "license": "MIT"
        },
        "node_modules/@apidevtools/swagger-parser": {
            "version": "10.0.3",
            "resolved": "https://registry.npmjs.org/@apidevtools/swagger-parser/-/swagger-parser-10.0.3.tgz",
            "integrity": "sha512-sNiLY51vZOmSPFZA5TF35KZ2HbgYklQnTSDnkghamzLb3EkNtcQnrBQEj5AOCxHpTtXpqMCRM1CrmV2rG6nw4g==",
            "license": "MIT",
            "dependencies": {
                "@apidevtools/json-schema-ref-parser": "9.1.2",
                "@apidevtools/openapi-schemas": "^2.1.0",
                "@apidevtools/swagger-methods": "^3.0.2",
                "@jsdevtools/ono": "^7.1.3",
                "call-me-maybe": "^1.0.1",
                "z-schema": "^5.0.4"
            },
            "engines": {
                "node": ">=10"
            }
        },
        "node_modules/@babel/code-frame": {
            "version": "7.24.7",
            "resolved": "https://registry.npmjs.org/@babel/code-frame/-/code-frame-7.24.7.tgz",
            "integrity": "sha512-4Xz9oW4Jc6k4t4iMP5I7aN46Y7oFvB1xRZ+q6wzHkM1YbskxM8pQJ5U+2jC6t8sDkTtxk9qSREz9MmsyR6K3yA==",
            "dev": true,
            "dependencies": {
                "@babel/highlight": "^7.24.7",
                "picocolors": "^1.0.0"
            },
            "engines": {
                "node": ">=6.9.0"
            }
        },
        "node_modules/@babel/compat-data": {
            "version": "7.24.8",
            "resolved": "https://registry.npmjs.org/@babel/compat-data/-/compat-data-7.24.8.tgz",
            "integrity": "sha512-YG5gLPIp1v4y0fE4hYlWnC8xN0Z6MyvZrS1Y9fZ3R3zqVd5j0Sg5tA6m2KJXttbM9cY6B8lqA3XlHq0a5b7Mww==",
            "dev": true,
            "engines": {
                "node": ">=6.9.0"
            }
        },
        "node_modules/@babel/core": {
            "version": "7.24.9",
            "resolved": "https://registry.npmjs.org/@babel/core/-/core-7.24.9.tgz",
            "integrity": "sha512-1a4tQmUqU+0dQ4Zg6o9ThLqX5qLw9Zcg2yVg5Sk2Vn9wywFFtXv7JrNQ1l8c5hTg8wR8lH4mS3lG0t1cNR3kNw==",
            "dev": true,
            "dependencies": {
                "@ampproject/remapping": "^2.2.0",
                "@babel/code-frame": "^7.24.7",
                "@babel/generator": "^7.24.9",
                "@babel/helper-compilation-targets": "^7.24.8",
                "@babel/helper-module-transforms": "^7.24.9",
                "@babel/helpers": "^7.24.9",
                "@babel/parser": "^7.24.9",
                "@babel/template": "^7.24.7",
                "@babel/traverse": "^7.24.9",
                "@babel/types": "^7.24.9",
                "convert-source-map": "^2.0.0",
                "debug": "^4.1.0",
                "gensync": "^1.0.0-beta.2",
                "json5": "^2.2.3",
                "semver": "^6.3.1"
            },
            "engines": {
                "node": ">=6.9.0"
            }
        },
        "node_modules/y18n": {
            "version": "5.0.8",
            "resolved": "https://registry.npmjs.org/y18n/-/y18n-5.0.8.tgz",
            "integrity": "sha512-0pfFzegeDWJHJIAmTLRP2DwHjdF5s7jo9tuztdQxAhINCdvS+3nGINqPd00AphqJR/0LhANUS6/+7SCb98YOfA==",
            "dev": true,
            "engines": {
                "node": ">=10"
            }
        },
        "node_modules/yallist": {
            "version": "3.1.1",
            "resolved": "https://registry.npmjs.org/yallist/-/yallist-3.1.1.tgz",
            "integrity": "sha512-a4UGQaWPH59mOXUYnAG2ewncQS4i4F43Tv3JoAM+s2VDAmS9NsK8GpDMLrCHPksFT7h3K6TOoUNn2pb7RoXx4g==",
            "dev": true
        },
        "node_modules/yaml": {
            "version": "2.0.0-1",
            "resolved": "https://registry.npmjs.org/yaml/-/yaml-2.0.0-1.tgz",
            "integrity": "sha512-W7h5dEhywMKenDJh2iX/LABkbFnBxasD27oyXWDS/feDsxiw0dD5ncXdYXgkvAsXIY2MpW/ZKkr9IU30DBdMNQ==",
            "license": "ISC",
            "engines": {
                "node": ">= 6"
            }
        },
        "node_modules/yargs": {
            "version": "17.7.2",
            "resolved": "https://registry.npmjs.org/yargs/-/yargs-17.7.2.tgz",
            "integrity": "sha512-7dSzzRQ++CKnNI/krKnYRV7JKKPUXMEh61soaHKg9mrWEhzFWhFnxPxGl+69cD1Ou63C13NUPCnmIcrvqCuM6w==",
            "dev": true,
            "dependencies": {
                "cliui": "^8.0.1",
                "escalade": "^3.1.1",
                "get-caller-file": "^2.0.5",
                "require-directory": "^2.1.1",
                "string-width": "^4.2.3",
                "y18n": "^5.0.5",
                "yargs-parser": "^21.1.1"
            },
            "engines": {
                "node": ">=12"
            }
        },
        "node_modules/yargs-parser": {
            "version": "21.1.1",
            "resolved": "https://registry.npmjs.org/yargs-parser/-/yargs-parser-21.1.1.tgz",
            "integrity": "sha512-tVpsJW7DdjecAiFpbIB1e3qxIQsE6NoPc5/eTdrbbIC4h0LVsWhnoa3g+m2HclBIujHzsxZ4VJVA+GUuc2/LBw==",
            "dev": true,
            "engines": {
                "node": ">=12"
            }
        },
        "node_modules/yocto-queue": {
            "version": "0.1.0",
            "resolved": "https://registry.npmjs.org/yocto-queue/-/yocto-queue-0.1.0.tgz",
            "integrity": "sha512-rVksvsnNCdJ/ohGc6xgPwyN8eheCxsiLM8mxuE/t/mOVqJewPuO1miLpTHQiRgTKCLexL4MeAFVagts7HmNZ2Q==",
            "dev": true,
            "engines": {
                "node": ">=10"
            },
            "funding": {
                "url": "https://github.com/sponsors/sindresorhus"
            }
        },
        "node_modules/z-schema": {
            "version": "5.0.5",
            "resolved": "https://registry.npmjs.org/z-schema/-/z-schema-5.0.5.tgz",
            "integrity": "sha512-D7eujBWkLa3p2sIpJA0d1pr7es+a7m0vFAnZLlCEKq/Ij2k0MLi9Br2UPxoxdYystm5K1yeBGzub0FlYUEWj2Q==",
            "license": "MIT",
            "dependencies": {
                "lodash.get": "^4.4.2",
                "lodash.isequal": "^4.5.0",
                "validator": "^13.7.0"
            },
            "bin": {
                "z-schema": "bin/z-schema"
            },
            "engines": {
                "node": ">=8.0.0"
            },
            "optionalDependencies": {
                "commander": "^9.4.1"
            }
        },
        "node_modules/z-schema/node_modules/commander": {
            "version": "9.5.0",
            "resolved": "https://registry.npmjs.org/commander/-/commander-9.5.0.tgz",
            "integrity": "sha512-KRs7WVDKg86PWiuAqhDrAQnTXZKraVcCc6vFdL14qrZ/DcWwuRo7VoiYXalXO7S5GKpqYiVEwCbgFDfxNHKJBQ==",
            "license": "MIT",
            "optional": true,
            "engines": {
                "node": "^12.20.0 || >=14"
            }
        }
    }
}
